
Microsoft Visual Studio Solution File, Format Version 12.00
# Visual Studio Version 16
VisualStudioVersion = 16.0.30907.101
MinimumVisualStudioVersion = 15.0.26124.0
Project("{2150E333-8FDC-42A3-9474-1A3956D46DE8}") = "1.UI", "1.UI", "{EE933BE7-AE24-4D7C-848A-4594D226F7F3}"
EndProject
Project("{2150E333-8FDC-42A3-9474-1A3956D46DE8}") = "2.Application", "2.Application", "{05A3520F-0566-4B23-B0A8-E77EA17C8C29}"
EndProject
Project("{2150E333-8FDC-42A3-9474-1A3956D46DE8}") = "3.Repository", "3.Repository", "{72379778-0364-4AED-9E32-E3327765BDEA}"
EndProject
Project("{2150E333-8FDC-42A3-9474-1A3956D46DE8}") = "4.Entity", "4.Entity", "{D2F540D4-550E-44FB-BBA6-1DDA7C28C5C6}"
EndProject
Project("{2150E333-8FDC-42A3-9474-1A3956D46DE8}") = "5.Infrastructure", "5.Infrastructure", "{B6F71E5B-E209-4D1D-9560-F01494DECD3A}"
EndProject
Project("{2150E333-8FDC-42A3-9474-1A3956D46DE8}") = "6.Test", "6.Test", "{9B749EE8-B584-4272-8B59-9E6E81EE2B54}"
EndProject
Project("{FAE04EC0-301F-11D3-BF4B-00C04F79EFBC}") = "Henxun.Cms.Admin", "Henxun.Cms.Admin\Henxun.Cms.Admin.csproj", "{C611D063-A979-4124-8017-D6F103C1E347}"
EndProject
Project("{FAE04EC0-301F-11D3-BF4B-00C04F79EFBC}") = "Henxun.Cms.Site", "Henxun.Cms.Site\Henxun.Cms.Site.csproj", "{0897A107-7E35-4CCD-9FC6-5942FA70E176}"
EndProject
Project("{FAE04EC0-301F-11D3-BF4B-00C04F79EFBC}") = "Henxun.Cms.IServices", "Henxun.Cms.IServices\Henxun.Cms.IServices.csproj", "{BA17D6A8-56F5-4375-A0A7-943F43A41ED2}"
EndProject
Project("{FAE04EC0-301F-11D3-BF4B-00C04F79EFBC}") = "Henxun.Cms.Services", "Henxun.Cms.Services\Henxun.Cms.Services.csproj", "{6F2790B7-EF70-4BF5-BB5D-9665F6D3668B}"
EndProject
Project("{FAE04EC0-301F-11D3-BF4B-00C04F79EFBC}") = "Henxun.Cms.IRepository", "Henxun.Cms.IRepository\Henxun.Cms.IRepository.csproj", "{74D2DC47-E6D9-4DE3-811D-D5FA93D69AD6}"
EndProject
Project("{FAE04EC0-301F-11D3-BF4B-00C04F79EFBC}") = "Henxun.Cms.Repository.SqlServer", "Henxun.Cms.Repository.SqlServer\Henxun.Cms.Repository.SqlServer.csproj", "{DF310531-484A-4464-BE39-436B0A7C1E53}"
EndProject
Project("{FAE04EC0-301F-11D3-BF4B-00C04F79EFBC}") = "Henxun.Cms.Models", "Henxun.Cms.Models\Henxun.Cms.Models.csproj", "{8D77A7C8-4017-4ADF-A984-E9379DA6C98B}"
EndProject
Project("{FAE04EC0-301F-11D3-BF4B-00C04F79EFBC}") = "Henxun.Cms.ViewModels", "Henxun.Cms.ViewModels\Henxun.Cms.ViewModels.csproj", "{46EF5C05-0CD9-4A89-9AE4-31FFB3FDBDBB}"
EndProject
Project("{FAE04EC0-301F-11D3-BF4B-00C04F79EFBC}") = "Henxun.Cms.Core", "Henxun.Cms.Core\Henxun.Cms.Core.csproj", "{6270B2F4-1215-421D-89A2-2C3E16E15F1B}"
EndProject
Project("{FAE04EC0-301F-11D3-BF4B-00C04F79EFBC}") = "Henxun.Cms.Test", "Henxun.Cms.Test\Henxun.Cms.Test.csproj", "{CA77B5B2-87C7-4E5A-B91D-A1EDCCCD1C32}"
EndProject
Global
	GlobalSection(SolutionConfigurationPlatforms) = preSolution
		Debug|Any CPU = Debug|Any CPU
		Debug|x64 = Debug|x64
		Debug|x86 = Debug|x86
		Release|Any CPU = Release|Any CPU
		Release|x64 = Release|x64
		Release|x86 = Release|x86
	EndGlobalSection
	GlobalSection(ProjectConfigurationPlatforms) = postSolution
		{C611D063-A979-4124-8017-D6F103C1E347}.Debug|Any CPU.ActiveCfg = Debug|Any CPU
		{C611D063-A979-4124-8017-D6F103C1E347}.Debug|Any CPU.Build.0 = Debug|Any CPU
		{C611D063-A979-4124-8017-D6F103C1E347}.Debug|x64.ActiveCfg = Debug|Any CPU
		{C611D063-A979-4124-8017-D6F103C1E347}.Debug|x64.Build.0 = Debug|Any CPU
		{C611D063-A979-4124-8017-D6F103C1E347}.Debug|x86.ActiveCfg = Debug|Any CPU
		{C611D063-A979-4124-8017-D6F103C1E347}.Debug|x86.Build.0 = Debug|Any CPU
		{C611D063-A979-4124-8017-D6F103C1E347}.Release|Any CPU.ActiveCfg = Release|Any CPU
		{C611D063-A979-4124-8017-D6F103C1E347}.Release|Any CPU.Build.0 = Release|Any CPU
		{C611D063-A979-4124-8017-D6F103C1E347}.Release|x64.ActiveCfg = Release|Any CPU
		{C611D063-A979-4124-8017-D6F103C1E347}.Release|x64.Build.0 = Release|Any CPU
		{C611D063-A979-4124-8017-D6F103C1E347}.Release|x86.ActiveCfg = Release|Any CPU
		{C611D063-A979-4124-8017-D6F103C1E347}.Release|x86.Build.0 = Release|Any CPU
		{0897A107-7E35-4CCD-9FC6-5942FA70E176}.Debug|Any CPU.ActiveCfg = Debug|Any CPU
		{0897A107-7E35-4CCD-9FC6-5942FA70E176}.Debug|Any CPU.Build.0 = Debug|Any CPU
		{0897A107-7E35-4CCD-9FC6-5942FA70E176}.Debug|x64.ActiveCfg = Debug|Any CPU
		{0897A107-7E35-4CCD-9FC6-5942FA70E176}.Debug|x64.Build.0 = Debug|Any CPU
		{0897A107-7E35-4CCD-9FC6-5942FA70E176}.Debug|x86.ActiveCfg = Debug|Any CPU
		{0897A107-7E35-4CCD-9FC6-5942FA70E176}.Debug|x86.Build.0 = Debug|Any CPU
		{0897A107-7E35-4CCD-9FC6-5942FA70E176}.Release|Any CPU.ActiveCfg = Release|Any CPU
		{0897A107-7E35-4CCD-9FC6-5942FA70E176}.Release|Any CPU.Build.0 = Release|Any CPU
		{0897A107-7E35-4CCD-9FC6-5942FA70E176}.Release|x64.ActiveCfg = Release|Any CPU
		{0897A107-7E35-4CCD-9FC6-5942FA70E176}.Release|x64.Build.0 = Release|Any CPU
		{0897A107-7E35-4CCD-9FC6-5942FA70E176}.Release|x86.ActiveCfg = Release|Any CPU
		{0897A107-7E35-4CCD-9FC6-5942FA70E176}.Release|x86.Build.0 = Release|Any CPU
		{BA17D6A8-56F5-4375-A0A7-943F43A41ED2}.Debug|Any CPU.ActiveCfg = Debug|Any CPU
		{BA17D6A8-56F5-4375-A0A7-943F43A41ED2}.Debug|Any CPU.Build.0 = Debug|Any CPU
		{BA17D6A8-56F5-4375-A0A7-943F43A41ED2}.Debug|x64.ActiveCfg = Debug|Any CPU
		{BA17D6A8-56F5-4375-A0A7-943F43A41ED2}.Debug|x64.Build.0 = Debug|Any CPU
		{BA17D6A8-56F5-4375-A0A7-943F43A41ED2}.Debug|x86.ActiveCfg = Debug|Any CPU
		{BA17D6A8-56F5-4375-A0A7-943F43A41ED2}.Debug|x86.Build.0 = Debug|Any CPU
		{BA17D6A8-56F5-4375-A0A7-943F43A41ED2}.Release|Any CPU.ActiveCfg = Release|Any CPU
		{BA17D6A8-56F5-4375-A0A7-943F43A41ED2}.Release|Any CPU.Build.0 = Release|Any CPU
		{BA17D6A8-56F5-4375-A0A7-943F43A41ED2}.Release|x64.ActiveCfg = Release|Any CPU
		{BA17D6A8-56F5-4375-A0A7-943F43A41ED2}.Release|x64.Build.0 = Release|Any CPU
		{BA17D6A8-56F5-4375-A0A7-943F43A41ED2}.Release|x86.ActiveCfg = Release|Any CPU
		{BA17D6A8-56F5-4375-A0A7-943F43A41ED2}.Release|x86.Build.0 = Release|Any CPU
		{6F2790B7-EF70-4BF5-BB5D-9665F6D3668B}.Debug|Any CPU.ActiveCfg = Debug|Any CPU
		{6F2790B7-EF70-4BF5-BB5D-9665F6D3668B}.Debug|Any CPU.Build.0 = Debug|Any CPU
		{6F2790B7-EF70-4BF5-BB5D-9665F6D3668B}.Debug|x64.ActiveCfg = Debug|Any CPU
		{6F2790B7-EF70-4BF5-BB5D-9665F6D3668B}.Debug|x64.Build.0 = Debug|Any CPU
		{6F2790B7-EF70-4BF5-BB5D-9665F6D3668B}.Debug|x86.ActiveCfg = Debug|Any CPU
		{6F2790B7-EF70-4BF5-BB5D-9665F6D3668B}.Debug|x86.Build.0 = Debug|Any CPU
		{6F2790B7-EF70-4BF5-BB5D-9665F6D3668B}.Release|Any CPU.ActiveCfg = Release|Any CPU
		{6F2790B7-EF70-4BF5-BB5D-9665F6D3668B}.Release|Any CPU.Build.0 = Release|Any CPU
		{6F2790B7-EF70-4BF5-BB5D-9665F6D3668B}.Release|x64.ActiveCfg = Release|Any CPU
		{6F2790B7-EF70-4BF5-BB5D-9665F6D3668B}.Release|x64.Build.0 = Release|Any CPU
		{6F2790B7-EF70-4BF5-BB5D-9665F6D3668B}.Release|x86.ActiveCfg = Release|Any CPU
		{6F2790B7-EF70-4BF5-BB5D-9665F6D3668B}.Release|x86.Build.0 = Release|Any CPU
		{74D2DC47-E6D9-4DE3-811D-D5FA93D69AD6}.Debug|Any CPU.ActiveCfg = Debug|Any CPU
		{74D2DC47-E6D9-4DE3-811D-D5FA93D69AD6}.Debug|Any CPU.Build.0 = Debug|Any CPU
		{74D2DC47-E6D9-4DE3-811D-D5FA93D69AD6}.Debug|x64.ActiveCfg = Debug|Any CPU
		{74D2DC47-E6D9-4DE3-811D-D5FA93D69AD6}.Debug|x64.Build.0 = Debug|Any CPU
		{74D2DC47-E6D9-4DE3-811D-D5FA93D69AD6}.Debug|x86.ActiveCfg = Debug|Any CPU
		{74D2DC47-E6D9-4DE3-811D-D5FA93D69AD6}.Debug|x86.Build.0 = Debug|Any CPU
		{74D2DC47-E6D9-4DE3-811D-D5FA93D69AD6}.Release|Any CPU.ActiveCfg = Release|Any CPU
		{74D2DC47-E6D9-4DE3-811D-D5FA93D69AD6}.Release|Any CPU.Build.0 = Release|Any CPU
		{74D2DC47-E6D9-4DE3-811D-D5FA93D69AD6}.Release|x64.ActiveCfg = Release|Any CPU
		{74D2DC47-E6D9-4DE3-811D-D5FA93D69AD6}.Release|x64.Build.0 = Release|Any CPU
		{74D2DC47-E6D9-4DE3-811D-D5FA93D69AD6}.Release|x86.ActiveCfg = Release|Any CPU
		{74D2DC47-E6D9-4DE3-811D-D5FA93D69AD6}.Release|x86.Build.0 = Release|Any CPU
		{DF310531-484A-4464-BE39-436B0A7C1E53}.Debug|Any CPU.ActiveCfg = Debug|Any CPU
		{DF310531-484A-4464-BE39-436B0A7C1E53}.Debug|Any CPU.Build.0 = Debug|Any CPU
		{DF310531-484A-4464-BE39-436B0A7C1E53}.Debug|x64.ActiveCfg = Debug|Any CPU
		{DF310531-484A-4464-BE39-436B0A7C1E53}.Debug|x64.Build.0 = Debug|Any CPU
		{DF310531-484A-4464-BE39-436B0A7C1E53}.Debug|x86.ActiveCfg = Debug|Any CPU
		{DF310531-484A-4464-BE39-436B0A7C1E53}.Debug|x86.Build.0 = Debug|Any CPU
		{DF310531-484A-4464-BE39-436B0A7C1E53}.Release|Any CPU.ActiveCfg = Release|Any CPU
		{DF310531-484A-4464-BE39-436B0A7C1E53}.Release|Any CPU.Build.0 = Release|Any CPU
		{DF310531-484A-4464-BE39-436B0A7C1E53}.Release|x64.ActiveCfg = Release|Any CPU
		{DF310531-484A-4464-BE39-436B0A7C1E53}.Release|x64.Build.0 = Release|Any CPU
		{DF310531-484A-4464-BE39-436B0A7C1E53}.Release|x86.ActiveCfg = Release|Any CPU
		{DF310531-484A-4464-BE39-436B0A7C1E53}.Release|x86.Build.0 = Release|Any CPU
		{8D77A7C8-4017-4ADF-A984-E9379DA6C98B}.Debug|Any CPU.ActiveCfg = Debug|Any CPU
		{8D77A7C8-4017-4ADF-A984-E9379DA6C98B}.Debug|Any CPU.Build.0 = Debug|Any CPU
		{8D77A7C8-4017-4ADF-A984-E9379DA6C98B}.Debug|x64.ActiveCfg = Debug|Any CPU
		{8D77A7C8-4017-4ADF-A984-E9379DA6C98B}.Debug|x64.Build.0 = Debug|Any CPU
		{8D77A7C8-4017-4ADF-A984-E9379DA6C98B}.Debug|x86.ActiveCfg = Debug|Any CPU
		{8D77A7C8-4017-4ADF-A984-E9379DA6C98B}.Debug|x86.Build.0 = Debug|Any CPU
		{8D77A7C8-4017-4ADF-A984-E9379DA6C98B}.Release|Any CPU.ActiveCfg = Release|Any CPU
		{8D77A7C8-4017-4ADF-A984-E9379DA6C98B}.Release|Any CPU.Build.0 = Release|Any CPU
		{8D77A7C8-4017-4ADF-A984-E9379DA6C98B}.Release|x64.ActiveCfg = Release|Any CPU
		{8D77A7C8-4017-4ADF-A984-E9379DA6C98B}.Release|x64.Build.0 = Release|Any CPU
		{8D77A7C8-4017-4ADF-A984-E9379DA6C98B}.Release|x86.ActiveCfg = Release|Any CPU
		{8D77A7C8-4017-4ADF-A984-E9379DA6C98B}.Release|x86.Build.0 = Release|Any CPU
		{46EF5C05-0CD9-4A89-9AE4-31FFB3FDBDBB}.Debug|Any CPU.ActiveCfg = Debug|Any CPU
		{46EF5C05-0CD9-4A89-9AE4-31FFB3FDBDBB}.Debug|Any CPU.Build.0 = Debug|Any CPU
		{46EF5C05-0CD9-4A89-9AE4-31FFB3FDBDBB}.Debug|x64.ActiveCfg = Debug|Any CPU
		{46EF5C05-0CD9-4A89-9AE4-31FFB3FDBDBB}.Debug|x64.Build.0 = Debug|Any CPU
		{46EF5C05-0CD9-4A89-9AE4-31FFB3FDBDBB}.Debug|x86.ActiveCfg = Debug|Any CPU
		{46EF5C05-0CD9-4A89-9AE4-31FFB3FDBDBB}.Debug|x86.Build.0 = Debug|Any CPU
		{46EF5C05-0CD9-4A89-9AE4-31FFB3FDBDBB}.Release|Any CPU.ActiveCfg = Release|Any CPU
		{46EF5C05-0CD9-4A89-9AE4-31FFB3FDBDBB}.Release|Any CPU.Build.0 = Release|Any CPU
		{46EF5C05-0CD9-4A89-9AE4-31FFB3FDBDBB}.Release|x64.ActiveCfg = Release|Any CPU
		{46EF5C05-0CD9-4A89-9AE4-31FFB3FDBDBB}.Release|x64.Build.0 = Release|Any CPU
		{46EF5C05-0CD9-4A89-9AE4-31FFB3FDBDBB}.Release|x86.ActiveCfg = Release|Any CPU
		{46EF5C05-0CD9-4A89-9AE4-31FFB3FDBDBB}.Release|x86.Build.0 = Release|Any CPU
		{6270B2F4-1215-421D-89A2-2C3E16E15F1B}.Debug|Any CPU.ActiveCfg = Debug|Any CPU
		{6270B2F4-1215-421D-89A2-2C3E16E15F1B}.Debug|Any CPU.Build.0 = Debug|Any CPU
		{6270B2F4-1215-421D-89A2-2C3E16E15F1B}.Debug|x64.ActiveCfg = Debug|Any CPU
		{6270B2F4-1215-421D-89A2-2C3E16E15F1B}.Debug|x64.Build.0 = Debug|Any CPU
		{6270B2F4-1215-421D-89A2-2C3E16E15F1B}.Debug|x86.ActiveCfg = Debug|Any CPU
		{6270B2F4-1215-421D-89A2-2C3E16E15F1B}.Debug|x86.Build.0 = Debug|Any CPU
		{6270B2F4-1215-421D-89A2-2C3E16E15F1B}.Release|Any CPU.ActiveCfg = Release|Any CPU
		{6270B2F4-1215-421D-89A2-2C3E16E15F1B}.Release|Any CPU.Build.0 = Release|Any CPU
		{6270B2F4-1215-421D-89A2-2C3E16E15F1B}.Release|x64.ActiveCfg = Release|Any CPU
		{6270B2F4-1215-421D-89A2-2C3E16E15F1B}.Release|x64.Build.0 = Release|Any CPU
		{6270B2F4-1215-421D-89A2-2C3E16E15F1B}.Release|x86.ActiveCfg = Release|Any CPU
		{6270B2F4-1215-421D-89A2-2C3E16E15F1B}.Release|x86.Build.0 = Release|Any CPU
		{CA77B5B2-87C7-4E5A-B91D-A1EDCCCD1C32}.Debug|Any CPU.ActiveCfg = Debug|Any CPU
		{CA77B5B2-87C7-4E5A-B91D-A1EDCCCD1C32}.Debug|Any CPU.Build.0 = Debug|Any CPU
		{CA77B5B2-87C7-4E5A-B91D-A1EDCCCD1C32}.Debug|x64.ActiveCfg = Debug|Any CPU
		{CA77B5B2-87C7-4E5A-B91D-A1EDCCCD1C32}.Debug|x64.Build.0 = Debug|Any CPU
		{CA77B5B2-87C7-4E5A-B91D-A1EDCCCD1C32}.Debug|x86.ActiveCfg = Debug|Any CPU
		{CA77B5B2-87C7-4E5A-B91D-A1EDCCCD1C32}.Debug|x86.Build.0 = Debug|Any CPU
		{CA77B5B2-87C7-4E5A-B91D-A1EDCCCD1C32}.Release|Any CPU.ActiveCfg = Release|Any CPU
		{CA77B5B2-87C7-4E5A-B91D-A1EDCCCD1C32}.Release|Any CPU.Build.0 = Release|Any CPU
		{CA77B5B2-87C7-4E5A-B91D-A1EDCCCD1C32}.Release|x64.ActiveCfg = Release|Any CPU
		{CA77B5B2-87C7-4E5A-B91D-A1EDCCCD1C32}.Release|x64.Build.0 = Release|Any CPU
		{CA77B5B2-87C7-4E5A-B91D-A1EDCCCD1C32}.Release|x86.ActiveCfg = Release|Any CPU
		{CA77B5B2-87C7-4E5A-B91D-A1EDCCCD1C32}.Release|x86.Build.0 = Release|Any CPU
	EndGlobalSection
	GlobalSection(SolutionProperties) = preSolution
		HideSolutionNode = FALSE
	EndGlobalSection
	GlobalSection(NestedProjects) = preSolution
		{C611D063-A979-4124-8017-D6F103C1E347} = {EE933BE7-AE24-4D7C-848A-4594D226F7F3}
		{0897A107-7E35-4CCD-9FC6-5942FA70E176} = {EE933BE7-AE24-4D7C-848A-4594D226F7F3}
		{BA17D6A8-56F5-4375-A0A7-943F43A41ED2} = {05A3520F-0566-4B23-B0A8-E77EA17C8C29}
		{6F2790B7-EF70-4BF5-BB5D-9665F6D3668B} = {05A3520F-0566-4B23-B0A8-E77EA17C8C29}
		{74D2DC47-E6D9-4DE3-811D-D5FA93D69AD6} = {72379778-0364-4AED-9E32-E3327765BDEA}
		{DF310531-484A-4464-BE39-436B0A7C1E53} = {72379778-0364-4AED-9E32-E3327765BDEA}
		{8D77A7C8-4017-4ADF-A984-E9379DA6C98B} = {D2F540D4-550E-44FB-BBA6-1DDA7C28C5C6}
		{46EF5C05-0CD9-4A89-9AE4-31FFB3FDBDBB} = {D2F540D4-550E-44FB-BBA6-1DDA7C28C5C6}
		{6270B2F4-1215-421D-89A2-2C3E16E15F1B} = {B6F71E5B-E209-4D1D-9560-F01494DECD3A}
		{CA77B5B2-87C7-4E5A-B91D-A1EDCCCD1C32} = {9B749EE8-B584-4272-8B59-9E6E81EE2B54}
	EndGlobalSection
	GlobalSection(ExtensibilityGlobals) = postSolution
		SolutionGuid = {420959C1-FFC1-4990-9090-F26A3217F102}
	EndGlobalSection
EndGlobal
